
Microsoft Visual Studio Solution File, Format Version 12.00
# Visual Studio Version 16
VisualStudioVersion = 16.0.809.8
MinimumVisualStudioVersion = 10.0.40219.1
Project("{FAE04EC0-301F-11D3-BF4B-00C04F79EFBC}") = "likesPerPost", "likesPerPost.csproj", "{B6787465-33B6-4B78-907E-5BF882E17EC6}"
EndProject
Global
	GlobalSection(SolutionConfigurationPlatforms) = preSolution
		Debug|Any CPU = Debug|Any CPU
		Release|Any CPU = Release|Any CPU
	EndGlobalSection
	GlobalSection(ProjectConfigurationPlatforms) = postSolution
		{B6787465-33B6-4B78-907E-5BF882E17EC6}.Debug|Any CPU.ActiveCfg = Debug|Any CPU
		{B6787465-33B6-4B78-907E-5BF882E17EC6}.Debug|Any CPU.Build.0 = Debug|Any CPU
		{B6787465-33B6-4B78-907E-5BF882E17EC6}.Release|Any CPU.ActiveCfg = Release|Any CPU
		{B6787465-33B6-4B78-907E-5BF882E17EC6}.Release|Any CPU.Build.0 = Release|Any CPU
	EndGlobalSection
	GlobalSection(SolutionProperties) = preSolution
		HideSolutionNode = FALSE
	EndGlobalSection
	GlobalSection(ExtensibilityGlobals) = postSolution
		SolutionGuid = {A1F2EDBF-B159-4B3D-B096-ABF917423707}
	EndGlobalSection
EndGlobal
