
Microsoft Visual Studio Solution File, Format Version 12.00
# Visual Studio Version 16
VisualStudioVersion = 16.0.809.8
MinimumVisualStudioVersion = 10.0.40219.1
Project("{FAE04EC0-301F-11D3-BF4B-00C04F79EFBC}") = "ConsecutiveNumbers", "ConsecutiveNumbers.csproj", "{B2F47278-B898-485D-98AD-FDA00C918D40}"
EndProject
Global
	GlobalSection(SolutionConfigurationPlatforms) = preSolution
		Debug|Any CPU = Debug|Any CPU
		Release|Any CPU = Release|Any CPU
	EndGlobalSection
	GlobalSection(ProjectConfigurationPlatforms) = postSolution
		{B2F47278-B898-485D-98AD-FDA00C918D40}.Debug|Any CPU.ActiveCfg = Debug|Any CPU
		{B2F47278-B898-485D-98AD-FDA00C918D40}.Debug|Any CPU.Build.0 = Debug|Any CPU
		{B2F47278-B898-485D-98AD-FDA00C918D40}.Release|Any CPU.ActiveCfg = Release|Any CPU
		{B2F47278-B898-485D-98AD-FDA00C918D40}.Release|Any CPU.Build.0 = Release|Any CPU
	EndGlobalSection
	GlobalSection(SolutionProperties) = preSolution
		HideSolutionNode = FALSE
	EndGlobalSection
	GlobalSection(ExtensibilityGlobals) = postSolution
		SolutionGuid = {603FF6A9-99CE-4ACD-B48B-7DAD1692341A}
	EndGlobalSection
EndGlobal
